
Microsoft Visual Studio Solution File, Format Version 12.00
# Visual Studio Version 17
VisualStudioVersion = 17.6.33815.320
MinimumVisualStudioVersion = 10.0.40219.1
Project("{FAE04EC0-301F-11D3-BF4B-00C04F79EFBC}") = "C#Lab", "C#Lab.csproj", "{447405EB-C859-4F7A-8FBE-2B18892967D4}"
EndProject
Global
	GlobalSection(SolutionConfigurationPlatforms) = preSolution
		Debug|Any CPU = Debug|Any CPU
		Release|Any CPU = Release|Any CPU
	EndGlobalSection
	GlobalSection(ProjectConfigurationPlatforms) = postSolution
		{447405EB-C859-4F7A-8FBE-2B18892967D4}.Debug|Any CPU.ActiveCfg = Debug|Any CPU
		{447405EB-C859-4F7A-8FBE-2B18892967D4}.Debug|Any CPU.Build.0 = Debug|Any CPU
		{447405EB-C859-4F7A-8FBE-2B18892967D4}.Release|Any CPU.ActiveCfg = Release|Any CPU
		{447405EB-C859-4F7A-8FBE-2B18892967D4}.Release|Any CPU.Build.0 = Release|Any CPU
	EndGlobalSection
	GlobalSection(SolutionProperties) = preSolution
		HideSolutionNode = FALSE
	EndGlobalSection
	GlobalSection(ExtensibilityGlobals) = postSolution
		SolutionGuid = {277603C6-0877-412F-A60B-3E75B4BC3417}
	EndGlobalSection
EndGlobal
